
Microsoft Visual Studio Solution File, Format Version 12.00
# Visual Studio 2012
Project("{FAE04EC0-301F-11D3-BF4B-00C04F79EFBC}") = "SimpleExpressions", "SimpleExpressions\SimpleExpressions.csproj", "{C8D8EEC7-736E-46CE-BEE6-6827FF393507}"
EndProject
Project("{FAE04EC0-301F-11D3-BF4B-00C04F79EFBC}") = "SimpleExpressions_Test", "SimpleExpressions_Test\SimpleExpressions_Test.csproj", "{38D6ADF4-6E24-4140-BC80-F97707B807A5}"
EndProject
Global
	GlobalSection(SolutionConfigurationPlatforms) = preSolution
		Debug|Any CPU = Debug|Any CPU
		Release|Any CPU = Release|Any CPU
	EndGlobalSection
	GlobalSection(ProjectConfigurationPlatforms) = postSolution
		{C8D8EEC7-736E-46CE-BEE6-6827FF393507}.Debug|Any CPU.ActiveCfg = Debug|Any CPU
		{C8D8EEC7-736E-46CE-BEE6-6827FF393507}.Debug|Any CPU.Build.0 = Debug|Any CPU
		{C8D8EEC7-736E-46CE-BEE6-6827FF393507}.Release|Any CPU.ActiveCfg = Release|Any CPU
		{C8D8EEC7-736E-46CE-BEE6-6827FF393507}.Release|Any CPU.Build.0 = Release|Any CPU
		{38D6ADF4-6E24-4140-BC80-F97707B807A5}.Debug|Any CPU.ActiveCfg = Debug|Any CPU
		{38D6ADF4-6E24-4140-BC80-F97707B807A5}.Debug|Any CPU.Build.0 = Debug|Any CPU
		{38D6ADF4-6E24-4140-BC80-F97707B807A5}.Release|Any CPU.ActiveCfg = Release|Any CPU
		{38D6ADF4-6E24-4140-BC80-F97707B807A5}.Release|Any CPU.Build.0 = Release|Any CPU
	EndGlobalSection
	GlobalSection(SolutionProperties) = preSolution
		HideSolutionNode = FALSE
	EndGlobalSection
EndGlobal
