
Microsoft Visual Studio Solution File, Format Version 11.00
# Visual Studio 2010
Project("{FAE04EC0-301F-11D3-BF4B-00C04F79EFBC}") = "CustomTypeDescriptorApp", "CustomTypeDescriptorApp\CustomTypeDescriptorApp.csproj", "{A3B0FA00-5E82-4A7E-9F2B-CF03B5364DA5}"
EndProject
Project("{FAE04EC0-301F-11D3-BF4B-00C04F79EFBC}") = "DynamicTypeDescriptor", "DynamicTypeDescriptor\DynamicTypeDescriptor.csproj", "{A6584668-96E8-4DAC-B416-2F1E37BB3484}"
EndProject
Global
	GlobalSection(SolutionConfigurationPlatforms) = preSolution
		Debug|Any CPU = Debug|Any CPU
		Release|Any CPU = Release|Any CPU
	EndGlobalSection
	GlobalSection(ProjectConfigurationPlatforms) = postSolution
		{A3B0FA00-5E82-4A7E-9F2B-CF03B5364DA5}.Debug|Any CPU.ActiveCfg = Debug|Any CPU
		{A3B0FA00-5E82-4A7E-9F2B-CF03B5364DA5}.Debug|Any CPU.Build.0 = Debug|Any CPU
		{A3B0FA00-5E82-4A7E-9F2B-CF03B5364DA5}.Release|Any CPU.ActiveCfg = Release|Any CPU
		{A3B0FA00-5E82-4A7E-9F2B-CF03B5364DA5}.Release|Any CPU.Build.0 = Release|Any CPU
		{A6584668-96E8-4DAC-B416-2F1E37BB3484}.Debug|Any CPU.ActiveCfg = Debug|Any CPU
		{A6584668-96E8-4DAC-B416-2F1E37BB3484}.Debug|Any CPU.Build.0 = Debug|Any CPU
		{A6584668-96E8-4DAC-B416-2F1E37BB3484}.Release|Any CPU.ActiveCfg = Release|Any CPU
		{A6584668-96E8-4DAC-B416-2F1E37BB3484}.Release|Any CPU.Build.0 = Release|Any CPU
	EndGlobalSection
	GlobalSection(SolutionProperties) = preSolution
		HideSolutionNode = FALSE
	EndGlobalSection
EndGlobal
